
Microsoft Visual Studio Solution File, Format Version 12.00
# Visual Studio 2017
Project("{FAE04EC0-301F-11D3-BF4B-00C04F79EFBC}") = "TheMoon", "TheMoon.csproj", "{F3168ECD-2CD3-5844-84ED-6DF9A8E228D4}"
EndProject
Project("{FAE04EC0-301F-11D3-BF4B-00C04F79EFBC}") = "TheMoon.Editor", "TheMoon.Editor.csproj", "{6FECBE8D-AA2A-CBD5-2C17-8A5A7C74463A}"
EndProject
Global
	GlobalSection(SolutionConfigurationPlatforms) = preSolution
		Debug|Any CPU = Debug|Any CPU
		Release|Any CPU = Release|Any CPU
	EndGlobalSection
	GlobalSection(ProjectConfigurationPlatforms) = postSolution
		{F3168ECD-2CD3-5844-84ED-6DF9A8E228D4}.Debug|Any CPU.ActiveCfg = Debug|Any CPU
		{F3168ECD-2CD3-5844-84ED-6DF9A8E228D4}.Debug|Any CPU.Build.0 = Debug|Any CPU
		{F3168ECD-2CD3-5844-84ED-6DF9A8E228D4}.Release|Any CPU.ActiveCfg = Release|Any CPU
		{F3168ECD-2CD3-5844-84ED-6DF9A8E228D4}.Release|Any CPU.Build.0 = Release|Any CPU
		{6FECBE8D-AA2A-CBD5-2C17-8A5A7C74463A}.Debug|Any CPU.ActiveCfg = Debug|Any CPU
		{6FECBE8D-AA2A-CBD5-2C17-8A5A7C74463A}.Debug|Any CPU.Build.0 = Debug|Any CPU
		{6FECBE8D-AA2A-CBD5-2C17-8A5A7C74463A}.Release|Any CPU.ActiveCfg = Release|Any CPU
		{6FECBE8D-AA2A-CBD5-2C17-8A5A7C74463A}.Release|Any CPU.Build.0 = Release|Any CPU
	EndGlobalSection
	GlobalSection(SolutionProperties) = preSolution
		HideSolutionNode = FALSE
	EndGlobalSection
EndGlobal
